// !$*UTF8*$!
{
	archiveVersion = 1;
	classes = {
	};
	objectVersion = 56;
	objects = {

/* Begin PBXBuildFile section */
		8903BDF32B83765C000B7518 /* sfx_swooshing.wav in Resources */ = {isa = PBXBuildFile; fileRef = 8903BDEE2B83765B000B7518 /* sfx_swooshing.wav */; };
		8903BDF42B83765C000B7518 /* sfx_hit.wav in Resources */ = {isa = PBXBuildFile; fileRef = 8903BDEF2B83765C000B7518 /* sfx_hit.wav */; };
		8903BDF52B83765C000B7518 /* sfx_die.wav in Resources */ = {isa = PBXBuildFile; fileRef = 8903BDF02B83765C000B7518 /* sfx_die.wav */; };
		8903BDF62B83765C000B7518 /* sfx_wing.wav in Resources */ = {isa = PBXBuildFile; fileRef = 8903BDF12B83765C000B7518 /* sfx_wing.wav */; };
		8903BDF72B83765C000B7518 /* sfx_point.wav in Resources */ = {isa = PBXBuildFile; fileRef = 8903BDF22B83765C000B7518 /* sfx_point.wav */; };
		8903BDF92B8391EC000B7518 /* ObjectBitMask.swift in Sources */ = {isa = PBXBuildFile; fileRef = 8903BDF82B8391EC000B7518 /* ObjectBitMask.swift */; };
		8903BDFB2B83A2EB000B7518 /* SoundEffect.swift in Sources */ = {isa = PBXBuildFile; fileRef = 8903BDFA2B83A2EB000B7518 /* SoundEffect.swift */; };
		892872062B7F73AC00B9FB2D /* CGPoint + Ext.swift in Sources */ = {isa = PBXBuildFile; fileRef = 892872052B7F73AC00B9FB2D /* CGPoint + Ext.swift */; };
		8961D5522B7E12030013B1AB /* Flappy_BirdApp.swift in Sources */ = {isa = PBXBuildFile; fileRef = 8961D5512B7E12030013B1AB /* Flappy_BirdApp.swift */; };
		8961D5542B7E12030013B1AB /* ContentView.swift in Sources */ = {isa = PBXBuildFile; fileRef = 8961D5532B7E12030013B1AB /* ContentView.swift */; };
		8961D5562B7E12050013B1AB /* Assets.xcassets in Resources */ = {isa = PBXBuildFile; fileRef = 8961D5552B7E12050013B1AB /* Assets.xcassets */; };
		8961D5592B7E12050013B1AB /* Preview Assets.xcassets in Resources */ = {isa = PBXBuildFile; fileRef = 8961D5582B7E12050013B1AB /* Preview Assets.xcassets */; };
		8961D5612B7E303E0013B1AB /* GameScene.swift in Sources */ = {isa = PBXBuildFile; fileRef = 8961D5602B7E303E0013B1AB /* GameScene.swift */; };
/* End PBXBuildFile section */

/* Begin PBXFileReference section */
		8903BDEE2B83765B000B7518 /* sfx_swooshing.wav */ = {isa = PBXFileReference; lastKnownFileType = audio.wav; path = sfx_swooshing.wav; sourceTree = "<group>"; };
		8903BDEF2B83765C000B7518 /* sfx_hit.wav */ = {isa = PBXFileReference; lastKnownFileType = audio.wav; path = sfx_hit.wav; sourceTree = "<group>"; };
		8903BDF02B83765C000B7518 /* sfx_die.wav */ = {isa = PBXFileReference; lastKnownFileType = audio.wav; path = sfx_die.wav; sourceTree = "<group>"; };
		8903BDF12B83765C000B7518 /* sfx_wing.wav */ = {isa = PBXFileReference; lastKnownFileType = audio.wav; path = sfx_wing.wav; sourceTree = "<group>"; };
		8903BDF22B83765C000B7518 /* sfx_point.wav */ = {isa = PBXFileReference; lastKnownFileType = audio.wav; path = sfx_point.wav; sourceTree = "<group>"; };
		8903BDF82B8391EC000B7518 /* ObjectBitMask.swift */ = {isa = PBXFileReference; lastKnownFileType = sourcecode.swift; path = ObjectBitMask.swift; sourceTree = "<group>"; };
		8903BDFA2B83A2EB000B7518 /* SoundEffect.swift */ = {isa = PBXFileReference; lastKnownFileType = sourcecode.swift; path = SoundEffect.swift; sourceTree = "<group>"; };
		892872052B7F73AC00B9FB2D /* CGPoint + Ext.swift */ = {isa = PBXFileReference; lastKnownFileType = sourcecode.swift; path = "CGPoint + Ext.swift"; sourceTree = "<group>"; };
		8961D54E2B7E12030013B1AB /* Flappy Bird.app */ = {isa = PBXFileReference; explicitFileType = wrapper.application; includeInIndex = 0; path = "Flappy Bird.app"; sourceTree = BUILT_PRODUCTS_DIR; };
		8961D5512B7E12030013B1AB /* Flappy_BirdApp.swift */ = {isa = PBXFileReference; lastKnownFileType = sourcecode.swift; path = Flappy_BirdApp.swift; sourceTree = "<group>"; };
		8961D5532B7E12030013B1AB /* ContentView.swift */ = {isa = PBXFileReference; lastKnownFileType = sourcecode.swift; path = ContentView.swift; sourceTree = "<group>"; };
		8961D5552B7E12050013B1AB /* Assets.xcassets */ = {isa = PBXFileReference; lastKnownFileType = folder.assetcatalog; path = Assets.xcassets; sourceTree = "<group>"; };
		8961D5582B7E12050013B1AB /* Preview Assets.xcassets */ = {isa = PBXFileReference; lastKnownFileType = folder.assetcatalog; path = "Preview Assets.xcassets"; sourceTree = "<group>"; };
		8961D5602B7E303E0013B1AB /* GameScene.swift */ = {isa = PBXFileReference; lastKnownFileType = sourcecode.swift; path = GameScene.swift; sourceTree = "<group>"; };
/* End PBXFileReference section */

/* Begin PBXFrameworksBuildPhase section */
		8961D54B2B7E12030013B1AB /* Frameworks */ = {
			isa = PBXFrameworksBuildPhase;
			buildActionMask = 2147483647;
			files = (
			);
			runOnlyForDeploymentPostprocessing = 0;
		};
/* End PBXFrameworksBuildPhase section */

/* Begin PBXGroup section */
		8903BDED2B8372D1000B7518 /* Sounds */ = {
			isa = PBXGroup;
			children = (
				8903BDF02B83765C000B7518 /* sfx_die.wav */,
				8903BDEF2B83765C000B7518 /* sfx_hit.wav */,
				8903BDF22B83765C000B7518 /* sfx_point.wav */,
				8903BDEE2B83765B000B7518 /* sfx_swooshing.wav */,
				8903BDF12B83765C000B7518 /* sfx_wing.wav */,
			);
			path = Sounds;
			sourceTree = "<group>";
		};
		892872042B7F739400B9FB2D /* Tools */ = {
			isa = PBXGroup;
			children = (
				8903BDF82B8391EC000B7518 /* ObjectBitMask.swift */,
				8903BDFA2B83A2EB000B7518 /* SoundEffect.swift */,
				892872052B7F73AC00B9FB2D /* CGPoint + Ext.swift */,
			);
			path = Tools;
			sourceTree = "<group>";
		};
		8961D5452B7E12030013B1AB = {
			isa = PBXGroup;
			children = (
				8961D5502B7E12030013B1AB /* Flappy Bird */,
				8961D54F2B7E12030013B1AB /* Products */,
			);
			sourceTree = "<group>";
		};
		8961D54F2B7E12030013B1AB /* Products */ = {
			isa = PBXGroup;
			children = (
				8961D54E2B7E12030013B1AB /* Flappy Bird.app */,
			);
			name = Products;
			sourceTree = "<group>";
		};
		8961D5502B7E12030013B1AB /* Flappy Bird */ = {
			isa = PBXGroup;
			children = (
				8961D5602B7E303E0013B1AB /* GameScene.swift */,
				8961D55F2B7E128E0013B1AB /* Root */,
				892872042B7F739400B9FB2D /* Tools */,
				8903BDED2B8372D1000B7518 /* Sounds */,
				8961D5552B7E12050013B1AB /* Assets.xcassets */,
				8961D5572B7E12050013B1AB /* Preview Content */,
			);
			path = "Flappy Bird";
			sourceTree = "<group>";
		};
		8961D5572B7E12050013B1AB /* Preview Content */ = {
			isa = PBXGroup;
			children = (
				8961D5582B7E12050013B1AB /* Preview Assets.xcassets */,
			);
			path = "Preview Content";
			sourceTree = "<group>";
		};
		8961D55F2B7E128E0013B1AB /* Root */ = {
			isa = PBXGroup;
			children = (
				8961D5532B7E12030013B1AB /* ContentView.swift */,
				8961D5512B7E12030013B1AB /* Flappy_BirdApp.swift */,
			);
			path = Root;
			sourceTree = "<group>";
		};
/* End PBXGroup section */

/* Begin PBXNativeTarget section */
		8961D54D2B7E12030013B1AB /* Flappy Bird */ = {
			isa = PBXNativeTarget;
			buildConfigurationList = 8961D55C2B7E12050013B1AB /* Build configuration list for PBXNativeTarget "Flappy Bird" */;
			buildPhases = (
				8961D54A2B7E12030013B1AB /* Sources */,
				8961D54B2B7E12030013B1AB /* Frameworks */,
				8961D54C2B7E12030013B1AB /* Resources */,
			);
			buildRules = (
			);
			dependencies = (
			);
			name = "Flappy Bird";
			productName = "Flappy Bird";
			productReference = 8961D54E2B7E12030013B1AB /* Flappy Bird.app */;
			productType = "com.apple.product-type.application";
		};
/* End PBXNativeTarget section */

/* Begin PBXProject section */
		8961D5462B7E12030013B1AB /* Project object */ = {
			isa = PBXProject;
			attributes = {
				BuildIndependentTargetsInParallel = 1;
				LastSwiftUpdateCheck = 1520;
				LastUpgradeCheck = 1520;
				TargetAttributes = {
					8961D54D2B7E12030013B1AB = {
						CreatedOnToolsVersion = 15.2;
					};
				};
			};
			buildConfigurationList = 8961D5492B7E12030013B1AB /* Build configuration list for PBXProject "Flappy Bird" */;
			compatibilityVersion = "Xcode 14.0";
			developmentRegion = en;
			hasScannedForEncodings = 0;
			knownRegions = (
				en,
				Base,
			);
			mainGroup = 8961D5452B7E12030013B1AB;
			productRefGroup = 8961D54F2B7E12030013B1AB /* Products */;
			projectDirPath = "";
			projectRoot = "";
			targets = (
				8961D54D2B7E12030013B1AB /* Flappy Bird */,
			);
		};
/* End PBXProject section */

/* Begin PBXResourcesBuildPhase section */
		8961D54C2B7E12030013B1AB /* Resources */ = {
			isa = PBXResourcesBuildPhase;
			buildActionMask = 2147483647;
			files = (
				8903BDF42B83765C000B7518 /* sfx_hit.wav in Resources */,
				8903BDF62B83765C000B7518 /* sfx_wing.wav in Resources */,
				8961D5592B7E12050013B1AB /* Preview Assets.xcassets in Resources */,
				8903BDF32B83765C000B7518 /* sfx_swooshing.wav in Resources */,
				8903BDF52B83765C000B7518 /* sfx_die.wav in Resources */,
				8903BDF72B83765C000B7518 /* sfx_point.wav in Resources */,
				8961D5562B7E12050013B1AB /* Assets.xcassets in Resources */,
			);
			runOnlyForDeploymentPostprocessing = 0;
		};
/* End PBXResourcesBuildPhase section */

/* Begin PBXSourcesBuildPhase section */
		8961D54A2B7E12030013B1AB /* Sources */ = {
			isa = PBXSourcesBuildPhase;
			buildActionMask = 2147483647;
			files = (
				8903BDF92B8391EC000B7518 /* ObjectBitMask.swift in Sources */,
				8961D5612B7E303E0013B1AB /* GameScene.swift in Sources */,
				8903BDFB2B83A2EB000B7518 /* SoundEffect.swift in Sources */,
				8961D5542B7E12030013B1AB /* ContentView.swift in Sources */,
				892872062B7F73AC00B9FB2D /* CGPoint + Ext.swift in Sources */,
				8961D5522B7E12030013B1AB /* Flappy_BirdApp.swift in Sources */,
			);
			runOnlyForDeploymentPostprocessing = 0;
		};
/* End PBXSourcesBuildPhase section */

/* Begin XCBuildConfiguration section */
		8961D55A2B7E12050013B1AB /* Debug */ = {
			isa = XCBuildConfiguration;
			buildSettings = {
				ALWAYS_SEARCH_USER_PATHS = NO;
				ASSETCATALOG_COMPILER_GENERATE_SWIFT_ASSET_SYMBOL_EXTENSIONS = YES;
				CLANG_ANALYZER_NONNULL = YES;
				CLANG_ANALYZER_NUMBER_OBJECT_CONVERSION = YES_AGGRESSIVE;
				CLANG_CXX_LANGUAGE_STANDARD = "gnu++20";
				CLANG_ENABLE_MODULES = YES;
				CLANG_ENABLE_OBJC_ARC = YES;
				CLANG_ENABLE_OBJC_WEAK = YES;
				CLANG_WARN_BLOCK_CAPTURE_AUTORELEASING = YES;
				CLANG_WARN_BOOL_CONVERSION = YES;
				CLANG_WARN_COMMA = YES;
				CLANG_WARN_CONSTANT_CONVERSION = YES;
				CLANG_WARN_DEPRECATED_OBJC_IMPLEMENTATIONS = YES;
				CLANG_WARN_DIRECT_OBJC_ISA_USAGE = YES_ERROR;
				CLANG_WARN_DOCUMENTATION_COMMENTS = YES;
				CLANG_WARN_EMPTY_BODY = YES;
				CLANG_WARN_ENUM_CONVERSION = YES;
				CLANG_WARN_INFINITE_RECURSION = YES;
				CLANG_WARN_INT_CONVERSION = YES;
				CLANG_WARN_NON_LITERAL_NULL_CONVERSION = YES;
				CLANG_WARN_OBJC_IMPLICIT_RETAIN_SELF = YES;
				CLANG_WARN_OBJC_LITERAL_CONVERSION = YES;
				CLANG_WARN_OBJC_ROOT_CLASS = YES_ERROR;
				CLANG_WARN_QUOTED_INCLUDE_IN_FRAMEWORK_HEADER = YES;
				CLANG_WARN_RANGE_LOOP_ANALYSIS = YES;
				CLANG_WARN_STRICT_PROTOTYPES = YES;
				CLANG_WARN_SUSPICIOUS_MOVE = YES;
				CLANG_WARN_UNGUARDED_AVAILABILITY = YES_AGGRESSIVE;
				CLANG_WARN_UNREACHABLE_CODE = YES;
				CLANG_WARN__DUPLICATE_METHOD_MATCH = YES;
				COPY_PHASE_STRIP = NO;
				DEBUG_INFORMATION_FORMAT = dwarf;
				ENABLE_STRICT_OBJC_MSGSEND = YES;
				ENABLE_TESTABILITY = YES;
				ENABLE_USER_SCRIPT_SANDBOXING = YES;
				GCC_C_LANGUAGE_STANDARD = gnu17;
				GCC_DYNAMIC_NO_PIC = NO;
				GCC_NO_COMMON_BLOCKS = YES;
				GCC_OPTIMIZATION_LEVEL = 0;
				GCC_PREPROCESSOR_DEFINITIONS = (
					"DEBUG=1",
					"$(inherited)",
				);
				GCC_WARN_64_TO_32_BIT_CONVERSION = YES;
				GCC_WARN_ABOUT_RETURN_TYPE = YES_ERROR;
				GCC_WARN_UNDECLARED_SELECTOR = YES;
				GCC_WARN_UNINITIALIZED_AUTOS = YES_AGGRESSIVE;
				GCC_WARN_UNUSED_FUNCTION = YES;
				GCC_WARN_UNUSED_VARIABLE = YES;
				IPHONEOS_DEPLOYMENT_TARGET = 15.0;
				LOCALIZATION_PREFERS_STRING_CATALOGS = YES;
				MTL_ENABLE_DEBUG_INFO = INCLUDE_SOURCE;
				MTL_FAST_MATH = YES;
				ONLY_ACTIVE_ARCH = YES;
				SDKROOT = iphoneos;
				SWIFT_ACTIVE_COMPILATION_CONDITIONS = "DEBUG $(inherited)";
				SWIFT_OPTIMIZATION_LEVEL = "-Onone";
			};
			name = Debug;
		};
		8961D55B2B7E12050013B1AB /* Release */ = {
			isa = XCBuildConfiguration;
			buildSettings = {
				ALWAYS_SEARCH_USER_PATHS = NO;
				ASSETCATALOG_COMPILER_GENERATE_SWIFT_ASSET_SYMBOL_EXTENSIONS = YES;
				CLANG_ANALYZER_NONNULL = YES;
				CLANG_ANALYZER_NUMBER_OBJECT_CONVERSION = YES_AGGRESSIVE;
				CLANG_CXX_LANGUAGE_STANDARD = "gnu++20";
				CLANG_ENABLE_MODULES = YES;
				CLANG_ENABLE_OBJC_ARC = YES;
				CLANG_ENABLE_OBJC_WEAK = YES;
				CLANG_WARN_BLOCK_CAPTURE_AUTORELEASING = YES;
				CLANG_WARN_BOOL_CONVERSION = YES;
				CLANG_WARN_COMMA = YES;
				CLANG_WARN_CONSTANT_CONVERSION = YES;
				CLANG_WARN_DEPRECATED_OBJC_IMPLEMENTATIONS = YES;
				CLANG_WARN_DIRECT_OBJC_ISA_USAGE = YES_ERROR;
				CLANG_WARN_DOCUMENTATION_COMMENTS = YES;
				CLANG_WARN_EMPTY_BODY = YES;
				CLANG_WARN_ENUM_CONVERSION = YES;
				CLANG_WARN_INFINITE_RECURSION = YES;
				CLANG_WARN_INT_CONVERSION = YES;
				CLANG_WARN_NON_LITERAL_NULL_CONVERSION = YES;
				CLANG_WARN_OBJC_IMPLICIT_RETAIN_SELF = YES;
				CLANG_WARN_OBJC_LITERAL_CONVERSION = YES;
				CLANG_WARN_OBJC_ROOT_CLASS = YES_ERROR;
				CLANG_WARN_QUOTED_INCLUDE_IN_FRAMEWORK_HEADER = YES;
				CLANG_WARN_RANGE_LOOP_ANALYSIS = YES;
				CLANG_WARN_STRICT_PROTOTYPES = YES;
				CLANG_WARN_SUSPICIOUS_MOVE = YES;
				CLANG_WARN_UNGUARDED_AVAILABILITY = YES_AGGRESSIVE;
				CLANG_WARN_UNREACHABLE_CODE = YES;
				CLANG_WARN__DUPLICATE_METHOD_MATCH = YES;
				COPY_PHASE_STRIP = NO;
				DEBUG_INFORMATION_FORMAT = "dwarf-with-dsym";
				ENABLE_NS_ASSERTIONS = NO;
				ENABLE_STRICT_OBJC_MSGSEND = YES;
				ENABLE_USER_SCRIPT_SANDBOXING = YES;
				GCC_C_LANGUAGE_STANDARD = gnu17;
				GCC_NO_COMMON_BLOCKS = YES;
				GCC_WARN_64_TO_32_BIT_CONVERSION = YES;
				GCC_WARN_ABOUT_RETURN_TYPE = YES_ERROR;
				GCC_WARN_UNDECLARED_SELECTOR = YES;
				GCC_WARN_UNINITIALIZED_AUTOS = YES_AGGRESSIVE;
				GCC_WARN_UNUSED_FUNCTION = YES;
				GCC_WARN_UNUSED_VARIABLE = YES;
				IPHONEOS_DEPLOYMENT_TARGET = 15.0;
				LOCALIZATION_PREFERS_STRING_CATALOGS = YES;
				MTL_ENABLE_DEBUG_INFO = NO;
				MTL_FAST_MATH = YES;
				SDKROOT = iphoneos;
				SWIFT_COMPILATION_MODE = wholemodule;
				VALIDATE_PRODUCT = YES;
			};
			name = Release;
		};
		8961D55D2B7E12050013B1AB /* Debug */ = {
			isa = XCBuildConfiguration;
			buildSettings = {
				ASSETCATALOG_COMPILER_APPICON_NAME = AppIcon;
				ASSETCATALOG_COMPILER_GLOBAL_ACCENT_COLOR_NAME = AccentColor;
				CODE_SIGN_STYLE = Automatic;
				CURRENT_PROJECT_VERSION = 1;
				DEVELOPMENT_ASSET_PATHS = "\"Flappy Bird/Preview Content\"";
				DEVELOPMENT_TEAM = FSGMDDB4P8;
				ENABLE_PREVIEWS = YES;
				GENERATE_INFOPLIST_FILE = YES;
				INFOPLIST_KEY_LSApplicationCategoryType = "public.app-category.entertainment";
				INFOPLIST_KEY_UIApplicationSceneManifest_Generation = YES;
				INFOPLIST_KEY_UIApplicationSupportsIndirectInputEvents = YES;
				INFOPLIST_KEY_UILaunchScreen_Generation = YES;
				INFOPLIST_KEY_UISupportedInterfaceOrientations = UIInterfaceOrientationPortrait;
				IPHONEOS_DEPLOYMENT_TARGET = 15.0;
				LD_RUNPATH_SEARCH_PATHS = (
					"$(inherited)",
					"@executable_path/Frameworks",
				);
				MARKETING_VERSION = 1.0;
				PRODUCT_BUNDLE_IDENTIFIER = "com.icloud-bubiryov.Flappy-Bird";
				PRODUCT_NAME = "$(TARGET_NAME)";
				SUPPORTED_PLATFORMS = "iphoneos iphonesimulator";
				SUPPORTS_MACCATALYST = NO;
				SUPPORTS_MAC_DESIGNED_FOR_IPHONE_IPAD = NO;
				SUPPORTS_XR_DESIGNED_FOR_IPHONE_IPAD = NO;
				SWIFT_EMIT_LOC_STRINGS = YES;
				SWIFT_VERSION = 5.0;
				TARGETED_DEVICE_FAMILY = 1;
			};
			name = Debug;
		};
		8961D55E2B7E12050013B1AB /* Release */ = {
			isa = XCBuildConfiguration;
			buildSettings = {
				ASSETCATALOG_COMPILER_APPICON_NAME = AppIcon;
				ASSETCATALOG_COMPILER_GLOBAL_ACCENT_COLOR_NAME = AccentColor;
				CODE_SIGN_STYLE = Automatic;
				CURRENT_PROJECT_VERSION = 1;
				DEVELOPMENT_ASSET_PATHS = "\"Flappy Bird/Preview Content\"";
				DEVELOPMENT_TEAM = FSGMDDB4P8;
				ENABLE_PREVIEWS = YES;
				GENERATE_INFOPLIST_FILE = YES;
				INFOPLIST_KEY_LSApplicationCategoryType = "public.app-category.entertainment";
				INFOPLIST_KEY_UIApplicationSceneManifest_Generation = YES;
				INFOPLIST_KEY_UIApplicationSupportsIndirectInputEvents = YES;
				INFOPLIST_KEY_UILaunchScreen_Generation = YES;
				INFOPLIST_KEY_UISupportedInterfaceOrientations = UIInterfaceOrientationPortrait;
				IPHONEOS_DEPLOYMENT_TARGET = 15.0;
				LD_RUNPATH_SEARCH_PATHS = (
					"$(inherited)",
					"@executable_path/Frameworks",
				);
				MARKETING_VERSION = 1.0;
				PRODUCT_BUNDLE_IDENTIFIER = "com.icloud-bubiryov.Flappy-Bird";
				PRODUCT_NAME = "$(TARGET_NAME)";
				SUPPORTED_PLATFORMS = "iphoneos iphonesimulator";
				SUPPORTS_MACCATALYST = NO;
				SUPPORTS_MAC_DESIGNED_FOR_IPHONE_IPAD = NO;
				SUPPORTS_XR_DESIGNED_FOR_IPHONE_IPAD = NO;
				SWIFT_EMIT_LOC_STRINGS = YES;
				SWIFT_VERSION = 5.0;
				TARGETED_DEVICE_FAMILY = 1;
			};
			name = Release;
		};
/* End XCBuildConfiguration section */

/* Begin XCConfigurationList section */
		8961D5492B7E12030013B1AB /* Build configuration list for PBXProject "Flappy Bird" */ = {
			isa = XCConfigurationList;
			buildConfigurations = (
				8961D55A2B7E12050013B1AB /* Debug */,
				8961D55B2B7E12050013B1AB /* Release */,
			);
			defaultConfigurationIsVisible = 0;
			defaultConfigurationName = Release;
		};
		8961D55C2B7E12050013B1AB /* Build configuration list for PBXNativeTarget "Flappy Bird" */ = {
			isa = XCConfigurationList;
			buildConfigurations = (
				8961D55D2B7E12050013B1AB /* Debug */,
				8961D55E2B7E12050013B1AB /* Release */,
			);
			defaultConfigurationIsVisible = 0;
			defaultConfigurationName = Release;
		};
/* End XCConfigurationList section */
	};
	rootObject = 8961D5462B7E12030013B1AB /* Project object */;
}
